
Microsoft Visual Studio Solution File, Format Version 12.00
Project("{FAE04EC0-301F-11D3-BF4B-00C04F79EFBC}") = "NETCore.OAuth.Core", "NETCore.OAuth.Core\NETCore.OAuth.Core.csproj", "{A6B3EE6B-20FC-4FC7-B5D0-F9546E443912}"
EndProject
Project("{FAE04EC0-301F-11D3-BF4B-00C04F79EFBC}") = "NETCore.OAuth.Client", "NETCore.OAuth.Client\NETCore.OAuth.Client.csproj", "{A8F4CCE9-BAA3-40C1-A160-15A0C4C919E8}"
EndProject
Global
	GlobalSection(SolutionConfigurationPlatforms) = preSolution
		Debug|Any CPU = Debug|Any CPU
		Release|Any CPU = Release|Any CPU
	EndGlobalSection
	GlobalSection(ProjectConfigurationPlatforms) = postSolution
		{A6B3EE6B-20FC-4FC7-B5D0-F9546E443912}.Debug|Any CPU.ActiveCfg = Debug|Any CPU
		{A6B3EE6B-20FC-4FC7-B5D0-F9546E443912}.Debug|Any CPU.Build.0 = Debug|Any CPU
		{A6B3EE6B-20FC-4FC7-B5D0-F9546E443912}.Release|Any CPU.ActiveCfg = Release|Any CPU
		{A6B3EE6B-20FC-4FC7-B5D0-F9546E443912}.Release|Any CPU.Build.0 = Release|Any CPU
		{A8F4CCE9-BAA3-40C1-A160-15A0C4C919E8}.Debug|Any CPU.ActiveCfg = Debug|Any CPU
		{A8F4CCE9-BAA3-40C1-A160-15A0C4C919E8}.Debug|Any CPU.Build.0 = Debug|Any CPU
		{A8F4CCE9-BAA3-40C1-A160-15A0C4C919E8}.Release|Any CPU.ActiveCfg = Release|Any CPU
		{A8F4CCE9-BAA3-40C1-A160-15A0C4C919E8}.Release|Any CPU.Build.0 = Release|Any CPU
	EndGlobalSection
EndGlobal
